{
  "name": "dodao-defi-course",
  "version": "1.0.0",
  "lockfileVersion": 2,
  "requires": true,
  "packages": {
    "": {
      "name": "dodao-defi-course",
      "version": "1.0.0",
      "dependencies": {
        "dodao-course-processor": "^0.1.16"
      }
    },
    "node_modules/@types/commander": {
      "version": "2.12.2",
      "resolved": "https://registry.npmjs.org/@types/commander/-/commander-2.12.2.tgz",
      "integrity": "sha512-0QEFiR8ljcHp9bAbWxecjVRuAMr16ivPiGOw6KFQBVrVd0RQIcM3xKdRisH2EDWgVWujiYtHwhSkSUoAAGzH7Q==",
      "deprecated": "This is a stub types definition for commander (https://github.com/tj/commander.js). commander provides its own type definitions, so you don't need @types/commander installed!",
      "dependencies": {
        "commander": "*"
      }
    },
    "node_modules/commander": {
      "version": "9.3.0",
      "resolved": "https://registry.npmjs.org/commander/-/commander-9.3.0.tgz",
      "integrity": "sha512-hv95iU5uXPbK83mjrJKuZyFM/LBAoCV/XhVGkS5Je6tl7sxr6A0ITMw5WoRV46/UaJ46Nllm3Xt7IaJhXTIkzw==",
      "engines": {
        "node": "^12.20.0 || >=14"
      }
    },
    "node_modules/dedent-js": {
      "version": "1.0.1",
      "resolved": "https://registry.npmjs.org/dedent-js/-/dedent-js-1.0.1.tgz",
      "integrity": "sha512-OUepMozQULMLUmhxS95Vudo0jb0UchLimi3+pQ2plj61Fcy8axbP9hbiD4Sz6DPqn6XG3kfmziVfQ1rSys5AJQ=="
    },
    "node_modules/dodao-course-processor": {
      "version": "0.1.16",
      "resolved": "https://registry.npmjs.org/dodao-course-processor/-/dodao-course-processor-0.1.16.tgz",
      "integrity": "sha512-hWG8PoywFlRSzDF88uyBidlzOue3KEmyBzwubWyu8ll4amMfNVdVzzVZMzN8SB1hg+3q+ygWdQ2hQbFzTo1NPQ==",
      "dependencies": {
        "@types/commander": "^2.12.2",
        "commander": "^9.3.0",
        "dedent-js": "^1.0.1",
        "jsonschema": "^1.4.1",
        "lodash": "^4.17.21",
        "yaml": "^2.1.1"
      },
      "bin": {
        "dodao-course-processor": "dist/index.js"
      },
      "engines": {
        "node": ">=10"
      }
    },
    "node_modules/jsonschema": {
      "version": "1.4.1",
      "resolved": "https://registry.npmjs.org/jsonschema/-/jsonschema-1.4.1.tgz",
      "integrity": "sha512-S6cATIPVv1z0IlxdN+zUk5EPjkGCdnhN4wVSBlvoUO1tOLJootbo9CquNJmbIh4yikWHiUedhRYrNPn1arpEmQ==",
      "engines": {
        "node": "*"
      }
    },
    "node_modules/lodash": {
      "version": "4.17.21",
      "resolved": "https://registry.npmjs.org/lodash/-/lodash-4.17.21.tgz",
      "integrity": "sha512-v2kDEe57lecTulaDIuNTPy3Ry4gLGJ6Z1O3vE1krgXZNrsQ+LFTGHVxVjcXPs17LhbZVGedAJv8XZ1tvj5FvSg=="
    },
    "node_modules/yaml": {
      "version": "2.1.1",
      "resolved": "https://registry.npmjs.org/yaml/-/yaml-2.1.1.tgz",
      "integrity": "sha512-o96x3OPo8GjWeSLF+wOAbrPfhFOGY0W00GNaxCDv+9hkcDJEnev1yh8S7pgHF0ik6zc8sQLuL8hjHjJULZp8bw==",
      "engines": {
        "node": ">= 14"
      }
    }
  },
  "dependencies": {
    "@types/commander": {
      "version": "2.12.2",
      "resolved": "https://registry.npmjs.org/@types/commander/-/commander-2.12.2.tgz",
      "integrity": "sha512-0QEFiR8ljcHp9bAbWxecjVRuAMr16ivPiGOw6KFQBVrVd0RQIcM3xKdRisH2EDWgVWujiYtHwhSkSUoAAGzH7Q==",
      "requires": {
        "commander": "*"
      }
    },
    "commander": {
      "version": "9.3.0",
      "resolved": "https://registry.npmjs.org/commander/-/commander-9.3.0.tgz",
      "integrity": "sha512-hv95iU5uXPbK83mjrJKuZyFM/LBAoCV/XhVGkS5Je6tl7sxr6A0ITMw5WoRV46/UaJ46Nllm3Xt7IaJhXTIkzw=="
    },
    "dedent-js": {
      "version": "1.0.1",
      "resolved": "https://registry.npmjs.org/dedent-js/-/dedent-js-1.0.1.tgz",
      "integrity": "sha512-OUepMozQULMLUmhxS95Vudo0jb0UchLimi3+pQ2plj61Fcy8axbP9hbiD4Sz6DPqn6XG3kfmziVfQ1rSys5AJQ=="
    },
    "dodao-course-processor": {
      "version": "0.1.16",
      "resolved": "https://registry.npmjs.org/dodao-course-processor/-/dodao-course-processor-0.1.16.tgz",
      "integrity": "sha512-hWG8PoywFlRSzDF88uyBidlzOue3KEmyBzwubWyu8ll4amMfNVdVzzVZMzN8SB1hg+3q+ygWdQ2hQbFzTo1NPQ==",
      "requires": {
        "@types/commander": "^2.12.2",
        "commander": "^9.3.0",
        "dedent-js": "^1.0.1",
        "jsonschema": "^1.4.1",
        "lodash": "^4.17.21",
        "yaml": "^2.1.1"
      }
    },
    "jsonschema": {
      "version": "1.4.1",
      "resolved": "https://registry.npmjs.org/jsonschema/-/jsonschema-1.4.1.tgz",
      "integrity": "sha512-S6cATIPVv1z0IlxdN+zUk5EPjkGCdnhN4wVSBlvoUO1tOLJootbo9CquNJmbIh4yikWHiUedhRYrNPn1arpEmQ=="
    },
    "lodash": {
      "version": "4.17.21",
      "resolved": "https://registry.npmjs.org/lodash/-/lodash-4.17.21.tgz",
      "integrity": "sha512-v2kDEe57lecTulaDIuNTPy3Ry4gLGJ6Z1O3vE1krgXZNrsQ+LFTGHVxVjcXPs17LhbZVGedAJv8XZ1tvj5FvSg=="
    },
    "yaml": {
      "version": "2.1.1",
      "resolved": "https://registry.npmjs.org/yaml/-/yaml-2.1.1.tgz",
      "integrity": "sha512-o96x3OPo8GjWeSLF+wOAbrPfhFOGY0W00GNaxCDv+9hkcDJEnev1yh8S7pgHF0ik6zc8sQLuL8hjHjJULZp8bw=="
    }
  }
}
