# THIS IS AN AUTOGENERATED FILE. DO NOT EDIT THIS FILE DIRECTLY.
# yarn lockfile v1


"@types/commander@^2.12.2":
  version "2.12.2"
  resolved "https://registry.npmjs.org/@types/commander/-/commander-2.12.2.tgz"
  integrity sha512-0QEFiR8ljcHp9bAbWxecjVRuAMr16ivPiGOw6KFQBVrVd0RQIcM3xKdRisH2EDWgVWujiYtHwhSkSUoAAGzH7Q==
  dependencies:
    commander "*"

commander@*, commander@^9.3.0:
  version "9.4.0"
  resolved "https://registry.npmjs.org/commander/-/commander-9.4.0.tgz"
  integrity sha512-sRPT+umqkz90UA8M1yqYfnHlZA7fF6nSphDtxeywPZ49ysjxDQybzk13CL+mXekDRG92skbcqCLVovuCusNmFw==

dedent-js@^1.0.1:
  version "1.0.1"
  resolved "https://registry.npmjs.org/dedent-js/-/dedent-js-1.0.1.tgz"
  integrity sha512-OUepMozQULMLUmhxS95Vudo0jb0UchLimi3+pQ2plj61Fcy8axbP9hbiD4Sz6DPqn6XG3kfmziVfQ1rSys5AJQ==

dodao-course-processor@0.1.22:
  version "0.1.22"
  resolved "https://registry.yarnpkg.com/dodao-course-processor/-/dodao-course-processor-0.1.22.tgz#d3ce1dc06a3cf4fc131571aa991bb36bb5678e38"
  integrity sha512-GI8EFZC9iHpb7ghMh3096srh/XGSiRc5kHTrgDFHzLYsf4GzO/UlLZJNF8LRX+Jyg77nXArDCmS+zZBjMk48MA==
  dependencies:
    "@types/commander" "^2.12.2"
    commander "^9.3.0"
    dedent-js "^1.0.1"
    jsonschema "^1.4.1"
    lodash "^4.17.21"
    yaml "^2.1.1"

jsonschema@^1.4.1:
  version "1.4.1"
  resolved "https://registry.npmjs.org/jsonschema/-/jsonschema-1.4.1.tgz"
  integrity sha512-S6cATIPVv1z0IlxdN+zUk5EPjkGCdnhN4wVSBlvoUO1tOLJootbo9CquNJmbIh4yikWHiUedhRYrNPn1arpEmQ==

lodash@^4.17.21:
  version "4.17.21"
  resolved "https://registry.npmjs.org/lodash/-/lodash-4.17.21.tgz"
  integrity sha512-v2kDEe57lecTulaDIuNTPy3Ry4gLGJ6Z1O3vE1krgXZNrsQ+LFTGHVxVjcXPs17LhbZVGedAJv8XZ1tvj5FvSg==

yaml@^2.1.1:
  version "2.1.1"
  resolved "https://registry.npmjs.org/yaml/-/yaml-2.1.1.tgz"
  integrity sha512-o96x3OPo8GjWeSLF+wOAbrPfhFOGY0W00GNaxCDv+9hkcDJEnev1yh8S7pgHF0ik6zc8sQLuL8hjHjJULZp8bw==
